
Microsoft Visual Studio Solution File, Format Version 12.00
# Visual Studio 15
VisualStudioVersion = 15.0.28307.489
MinimumVisualStudioVersion = 10.0.40219.1
Project("{FAE04EC0-301F-11D3-BF4B-00C04F79EFBC}") = "VideoRentalSystem", "VideoRentalSystem\VideoRentalSystem.csproj", "{F1B7FD4F-C16E-4950-B1CB-A20C25F56347}"
EndProject
Project("{FAE04EC0-301F-11D3-BF4B-00C04F79EFBC}") = "VideoRentalSystemTests5", "VideoRentalSystemTests5\VideoRentalSystemTests5.csproj", "{59912E07-37BB-473C-82BD-EC9C5E2216EC}"
EndProject
Global
	GlobalSection(SolutionConfigurationPlatforms) = preSolution
		Debug|Any CPU = Debug|Any CPU
		Release|Any CPU = Release|Any CPU
	EndGlobalSection
	GlobalSection(ProjectConfigurationPlatforms) = postSolution
		{F1B7FD4F-C16E-4950-B1CB-A20C25F56347}.Debug|Any CPU.ActiveCfg = Debug|Any CPU
		{F1B7FD4F-C16E-4950-B1CB-A20C25F56347}.Debug|Any CPU.Build.0 = Debug|Any CPU
		{F1B7FD4F-C16E-4950-B1CB-A20C25F56347}.Release|Any CPU.ActiveCfg = Release|Any CPU
		{F1B7FD4F-C16E-4950-B1CB-A20C25F56347}.Release|Any CPU.Build.0 = Release|Any CPU
		{59912E07-37BB-473C-82BD-EC9C5E2216EC}.Debug|Any CPU.ActiveCfg = Debug|Any CPU
		{59912E07-37BB-473C-82BD-EC9C5E2216EC}.Debug|Any CPU.Build.0 = Debug|Any CPU
		{59912E07-37BB-473C-82BD-EC9C5E2216EC}.Release|Any CPU.ActiveCfg = Release|Any CPU
		{59912E07-37BB-473C-82BD-EC9C5E2216EC}.Release|Any CPU.Build.0 = Release|Any CPU
	EndGlobalSection
	GlobalSection(SolutionProperties) = preSolution
		HideSolutionNode = FALSE
	EndGlobalSection
	GlobalSection(ExtensibilityGlobals) = postSolution
		SolutionGuid = {917074A3-34B8-456C-818A-329B6D04AB7B}
	EndGlobalSection
EndGlobal
